
Microsoft Visual Studio Solution File, Format Version 12.00
# Visual Studio Version 16
VisualStudioVersion = 16.0.30413.136
MinimumVisualStudioVersion = 10.0.40219.1
Project("{FAE04EC0-301F-11D3-BF4B-00C04F79EFBC}") = "BooksApi", "BooksApi.csproj", "{D77D5001-ACEE-409E-B3F2-BAD6252EDABE}"
EndProject
Global
	GlobalSection(SolutionConfigurationPlatforms) = preSolution
		Debug|Any CPU = Debug|Any CPU
		Release|Any CPU = Release|Any CPU
	EndGlobalSection
	GlobalSection(ProjectConfigurationPlatforms) = postSolution
		{D77D5001-ACEE-409E-B3F2-BAD6252EDABE}.Debug|Any CPU.ActiveCfg = Debug|Any CPU
		{D77D5001-ACEE-409E-B3F2-BAD6252EDABE}.Debug|Any CPU.Build.0 = Debug|Any CPU
		{D77D5001-ACEE-409E-B3F2-BAD6252EDABE}.Release|Any CPU.ActiveCfg = Release|Any CPU
		{D77D5001-ACEE-409E-B3F2-BAD6252EDABE}.Release|Any CPU.Build.0 = Release|Any CPU
	EndGlobalSection
	GlobalSection(SolutionProperties) = preSolution
		HideSolutionNode = FALSE
	EndGlobalSection
	GlobalSection(ExtensibilityGlobals) = postSolution
		SolutionGuid = {4EBC6B06-4A78-4185-A377-3927E171B3CC}
	EndGlobalSection
EndGlobal
